schema: '2.0'
stages:
  preprocess_sklearn:
    cmd: python ../../features/preprocess_original_data.py
    deps:
    - path: ../../data/original
      md5: 91adf967c61508c9fa3db802b597212c.dir
      size: 46409440
      nfiles: 3
    outs:
    - path: ../../data/prepared
      md5: 4dd01e156f212618f130ba92bd63d80c.dir
      size: 43444930
      nfiles: 3
  feature_generation_sklearn:
    cmd: python ../../features/handcrafted_features.py; python ../../features/morph_features.py
    deps:
    - path: ../../data/prepared
      md5: 4dd01e156f212618f130ba92bd63d80c.dir
      size: 43444930
      nfiles: 3
    outs:
    - path: ../../data/handcrafted
      md5: b3fe3630b8d9bdf28a5f6167a510e390.dir
      size: 41433962
      nfiles: 2
    - path: ../../data/morph
      md5: 2e2a047cd5ed4ace408c8a7fe2abd6c3.dir
      size: 80678104
      nfiles: 2
  fit_sklearn:
    cmd: python ../../models/sklearn/fit.py
    deps:
    - path: ../../data/handcrafted
      md5: b3fe3630b8d9bdf28a5f6167a510e390.dir
      size: 41433962
      nfiles: 2
    - path: ../../data/morph
      md5: 2e2a047cd5ed4ace408c8a7fe2abd6c3.dir
      size: 80678104
      nfiles: 2
    - path: ../../data/prepared
      md5: 4dd01e156f212618f130ba92bd63d80c.dir
      size: 43444930
      nfiles: 3
    outs:
    - path: ../../model_checkopoints/sklearn
      md5: 70ef04f575ca6ed922a7b5a796c7b4a9.dir
      size: 5885106137
      nfiles: 4
    - path: ../../oof_predictions/sklearn
      md5: 5b5424bead4d299a07148013d8bbc44c.dir
      size: 12260203
      nfiles: 2
    - path: ../../plots/sklearn/prc_0.json
      md5: 2639bda48a88a56030211959588262d9
      size: 7609956
    - path: ../../plots/sklearn/prc_1.json
      md5: 4f1135b1d57bbb22b43249b5448b62fd
      size: 6474155
    - path: ../../plots/sklearn/prc_2.json
      md5: 3dbf78b15ad14af203300fdae78f3bd4
      size: 7604460
    - path: ../../plots/sklearn/prc_3.json
      md5: 228fec0e36c2d2ff32dde555431edb06
      size: 7832013
    - path: ../../plots/sklearn/prc_4.json
      md5: 0e5825af3af8e22eed8b73f136caa8a2
      size: 7297264
    - path: ../../plots/sklearn/prc_5.json
      md5: 59e662aecfdda9cb3e3a76de93312d17
      size: 6652673
    - path: ../../plots/sklearn/prc_6.json
      md5: 646704f46876aee1a6855817eee7cfe4
      size: 6904477
    - path: ../../plots/sklearn/prc_7.json
      md5: 10a43f519d92661fdae9a57215c3ab25
      size: 7744378
    - path: ../../plots/sklearn/prc_8.json
      md5: 99640a48e887b3721a6520ef6dee83d2
      size: 7550411
    - path: ../../plots/sklearn/roc_0.json
      md5: 00ef2f58fc7c1258b4e2c3e56a41f3e6
      size: 1223892
    - path: ../../plots/sklearn/roc_1.json
      md5: ff4dabee9faaaefc216f62a8968d7de6
      size: 644505
    - path: ../../plots/sklearn/roc_2.json
      md5: 83b039f4f80c4219dbbe9101832e89b0
      size: 7398
    - path: ../../plots/sklearn/roc_3.json
      md5: 3a3c667437e0738285b3206f5ee3daa2
      size: 156741
    - path: ../../plots/sklearn/roc_4.json
      md5: 94205afb2dd712f846c9486c39d563fa
      size: 35770
    - path: ../../plots/sklearn/roc_5.json
      md5: b9bc7e09e6e9df39af82284ed1f90ff0
      size: 102122
    - path: ../../plots/sklearn/roc_6.json
      md5: 8bca9e44831e8f8c6d410e67c82fb9f1
      size: 259333
    - path: ../../plots/sklearn/roc_7.json
      md5: b664a3c679a056d3ea7a7a0042100d00
      size: 98951
    - path: ../../plots/sklearn/roc_8.json
      md5: e1f6c2ed3c73b38272c41c92b2226a71
      size: 1670108
    - path: ../../scores/scores_sklearn.json
      md5: 31a029af6bcb29ec692e6422ec04433d
      size: 202
  predict_sklearn:
    cmd: python ../../models/sklearn/predict.py
    deps:
    - path: ../../data/handcrafted
      md5: b3fe3630b8d9bdf28a5f6167a510e390.dir
      size: 41433962
      nfiles: 2
    - path: ../../data/morph
      md5: 2e2a047cd5ed4ace408c8a7fe2abd6c3.dir
      size: 80678104
      nfiles: 2
    - path: ../../data/prepared
      md5: 4dd01e156f212618f130ba92bd63d80c.dir
      size: 43444930
      nfiles: 3
    - path: ../../model_checkopoints/sklearn
      md5: 70ef04f575ca6ed922a7b5a796c7b4a9.dir
      size: 5885106137
      nfiles: 4
    outs:
    - path: ../../test_predictions/sklearn
      md5: 724ea64e834371dae48821eca931dc07.dir
      size: 11252778
      nfiles: 2
