schema: '2.0'
stages:
  fit_stacking:
    cmd: python ../../models/stacking/fit.py
    outs:
    - path: ../../model_checkopoints/stacking
      md5: 9ece82ee18aee0c07c842aee9ba50292.dir
      size: 149509
      nfiles: 7
    - path: ../../oof_predictions/stacking
      md5: 12ce29df5664d103ed42cf2ee03a448b.dir
      size: 12104323
      nfiles: 2
    - path: ../../plots/stacking/prc_0.json
      md5: 28b34c9e97f150adcba6763c9b17efb4
      size: 7552654
    - path: ../../plots/stacking/prc_1.json
      md5: dbe526dec2d7eefb686466ee794703c9
      size: 7805510
    - path: ../../plots/stacking/prc_2.json
      md5: fbc6fba42aab74f823555703968133cc
      size: 7332469
    - path: ../../plots/stacking/prc_3.json
      md5: cf541961378bdd4e8951359267e5bc18
      size: 7860125
    - path: ../../plots/stacking/prc_4.json
      md5: d5fb6c623be511df7140bc3c492a01cf
      size: 6414109
    - path: ../../plots/stacking/prc_5.json
      md5: 434b377b3f5c172d09c73a4cdd2f3be4
      size: 7924576
    - path: ../../plots/stacking/prc_6.json
      md5: 3273984951c1cc3d565fd5ebe34879b2
      size: 6414503
    - path: ../../plots/stacking/prc_7.json
      md5: 849f9d95a9557359a56d6242b4f6bb75
      size: 7895099
    - path: ../../plots/stacking/prc_8.json
      md5: 3c77562f38e84159d2f1b817d26ac26c
      size: 7708819
    - path: ../../plots/stacking/roc_0.json
      md5: 2b0fc95037cfcd8a3cf967128210089f
      size: 1126951
    - path: ../../plots/stacking/roc_1.json
      md5: a918cd63603d58e60ba80e7b1fd19a21
      size: 536897
    - path: ../../plots/stacking/roc_2.json
      md5: 12ac76675164eb9aa5a9f95ef930ad7d
      size: 4182
    - path: ../../plots/stacking/roc_3.json
      md5: 410975a1470c1c22a24de3df196e3362
      size: 145116
    - path: ../../plots/stacking/roc_4.json
      md5: 32bb450699d6dcb2c461d0b3912dadbe
      size: 32294
    - path: ../../plots/stacking/roc_5.json
      md5: 1b73c0c7091c3a6e1298d4892caf13e7
      size: 81662
    - path: ../../plots/stacking/roc_6.json
      md5: 93c8f8ef3b11fcff6b6862ca8dfec514
      size: 240677
    - path: ../../plots/stacking/roc_7.json
      md5: 1c08da2f42554679c56d54e5e11a838f
      size: 85474
    - path: ../../plots/stacking/roc_8.json
      md5: 3b8f1f6a70c1cc02d864f65cdc621cd9
      size: 1488049
    - path: ../../scores/scores_stacking.json
      md5: a0ed23c6f6f52d4b9fe0f1c5431b94c1
      size: 202
  predict_stacking:
    cmd: python ../../models/stacking/predict.py
    deps:
    - path: ../../model_checkopoints/stacking
      md5: 9ece82ee18aee0c07c842aee9ba50292.dir
      size: 149509
      nfiles: 7
    outs:
    - path: ../../test_predictions/stacking
      md5: 5236213e12eeae5dfd0e7595f5b22a75.dir
      size: 11120772
      nfiles: 2
