schema: '2.0'
stages:
  fit_stacking:
    cmd: python ../../models/stacking/fit.py
    outs:
    - path: ../../model_checkopoints/stacking
      md5: 049a54c3745c740d805ccc268d5fab1c.dir
      size: 158869
      nfiles: 5
    - path: ../../oof_predictions/stacking
      md5: 4aa4f5ce03814b7e9c7dc3957ed21be0.dir
      size: 18103416
      nfiles: 2
    - path: ../../plots/stacking/prc_0.json
      md5: adf797c3f2a319fee265a6858992f9a2
      size: 11323577
    - path: ../../plots/stacking/prc_1.json
      md5: d4c0b68ca7f8b5c4350072e96d6452b9
      size: 11649089
    - path: ../../plots/stacking/prc_2.json
      md5: 3517286557a70e18a0c36606b837f01d
      size: 10855475
    - path: ../../plots/stacking/prc_3.json
      md5: 821d64ce408a7ef4d89d2f887c67e936
      size: 11558523
    - path: ../../plots/stacking/prc_4.json
      md5: 1ac9c4dbd0b65575cd4bf965b8412eab
      size: 11553981
    - path: ../../plots/stacking/prc_5.json
      md5: a1b78fe22d4dbc57a0c630a049dc3554
      size: 11834528
    - path: ../../plots/stacking/prc_6.json
      md5: 2a4861cdc839c65d485f0d9d719a3788
      size: 11815458
    - path: ../../plots/stacking/prc_7.json
      md5: 35c38b43fd1a41ae0df46330bb454fa7
      size: 11845218
    - path: ../../plots/stacking/prc_8.json
      md5: 34c15951ad4f2c80d3c264fd920078ee
      size: 11602162
    - path: ../../plots/stacking/roc_0.json
      md5: be18d438457af8c7631d5fcf45210f42
      size: 1942489
    - path: ../../plots/stacking/roc_1.json
      md5: f479f58603bfe451fe4e6f3c358a135a
      size: 803194
    - path: ../../plots/stacking/roc_2.json
      md5: 86cf3f5add62b2f3037ef533711f5aa1
      size: 5681
    - path: ../../plots/stacking/roc_3.json
      md5: 9bd556c8ce098aababb3cc1dfa5371a7
      size: 216585
    - path: ../../plots/stacking/roc_4.json
      md5: 36338f07ee178586b12302c99b583c7d
      size: 48975
    - path: ../../plots/stacking/roc_5.json
      md5: e4b50d91971eadb06c350aed709bb1d2
      size: 120239
    - path: ../../plots/stacking/roc_6.json
      md5: e7c855658340bda884a707e53dc99308
      size: 375144
    - path: ../../plots/stacking/roc_7.json
      md5: eb10475b93e21589be8cbf8f9eaa1b54
      size: 119668
    - path: ../../plots/stacking/roc_8.json
      md5: 1a9448c39bc30c32aac095c51a98ebf2
      size: 2472258
    - path: ../../scores/scores_stacking.json
      md5: adc4aedbc621244fc3267fd18c4ac126
      size: 201
  predict_stacking:
    cmd: python ../../models/stacking/predict.py
    deps:
    - path: ../../model_checkopoints/stacking
      md5: 049a54c3745c740d805ccc268d5fab1c.dir
      size: 158869
      nfiles: 5
    outs:
    - path: ../../test_predictions/stacking
      md5: d8198aa0b36ccb002a7715c4e99f6243.dir
      size: 10849989
      nfiles: 2
