schema: '2.0'
stages:
  fit_stacking:
    cmd: python ../../models/stacking/fit.py
    outs:
    - path: ../../model_checkopoints/stacking
      md5: 29aca3a2e97f101b5f28e8091bdd1223.dir
      size: 124770
      nfiles: 6
    - path: ../../oof_predictions/stacking
      md5: 3fb8f0e5fcbe510c867e38af600fc32a.dir
      size: 12090471
      nfiles: 2
    - path: ../../plots/stacking/prc_0.json
      md5: e7ce872d107bdf50bb152417f7c28eb4
      size: 7577326
    - path: ../../plots/stacking/prc_1.json
      md5: 6cb6729859de18e96fe7f0b52084c5bb
      size: 7808595
    - path: ../../plots/stacking/prc_2.json
      md5: 4bde5547c4477af7c35406c5755ae0c4
      size: 7819844
    - path: ../../plots/stacking/prc_3.json
      md5: 75544e64e6ac2a8a91c13286f9dcee17
      size: 7882476
    - path: ../../plots/stacking/prc_4.json
      md5: 354b20af649065c452eedd0c96ce1205
      size: 6327743
    - path: ../../plots/stacking/prc_5.json
      md5: 1e8b591979872a6c04da701e353c1c5f
      size: 7892480
    - path: ../../plots/stacking/prc_6.json
      md5: fb753f129d554951ce1ab351316ebd4e
      size: 6061392
    - path: ../../plots/stacking/prc_7.json
      md5: b712509fef43c7a1f4e2223349b1c56d
      size: 7885066
    - path: ../../plots/stacking/prc_8.json
      md5: 27c9d5949938ca9a76bc388aa92beaca
      size: 7712332
    - path: ../../plots/stacking/roc_0.json
      md5: 0b4976419f18f9b002033c6da8cd618d
      size: 1100042
    - path: ../../plots/stacking/roc_1.json
      md5: 5ecc168f4ea3ea23da285c29795cc8d3
      size: 532579
    - path: ../../plots/stacking/roc_2.json
      md5: c5e8b46b5e353403d89f76144b293eb9
      size: 4176
    - path: ../../plots/stacking/roc_3.json
      md5: 4edf758835e4c272736f5008ce517402
      size: 140474
    - path: ../../plots/stacking/roc_4.json
      md5: dc3f93605b4db52e4463466005a97c82
      size: 32884
    - path: ../../plots/stacking/roc_5.json
      md5: ccb8104f3487e8aad200de6948e36e3a
      size: 81579
    - path: ../../plots/stacking/roc_6.json
      md5: beacbc26c631880210a8075310ab74ee
      size: 242403
    - path: ../../plots/stacking/roc_7.json
      md5: ee91ac33e0de17e5636e4e372c8f04f8
      size: 85514
    - path: ../../plots/stacking/roc_8.json
      md5: ba65be65ac200e2dc841b6c0a89e4aca
      size: 1481442
    - path: ../../scores/scores_stacking.json
      md5: b45d7fdfa0f07d910494a51470f2a891
      size: 200
  predict_stacking:
    cmd: python ../../models/stacking/predict.py
    deps:
    - path: ../../model_checkopoints/stacking
      md5: 29aca3a2e97f101b5f28e8091bdd1223.dir
      size: 124770
      nfiles: 6
    outs:
    - path: ../../test_predictions/stacking
      md5: 900518a83e969458bc749def2261fe25.dir
      size: 11112959
      nfiles: 2
