schema: '2.0'
stages:
  main:
    cmd: python main.py
    outs:
    - path: plots/prc_0.json
      md5: 0ef90412f2026a100e874f39963bab1f
      size: 7426964
    - path: plots/prc_1.json
      md5: d8b14b695960451077ff573a0c9d749e
      size: 7510336
    - path: plots/prc_2.json
      md5: 001e59d3af3db035a6c26a0a1fc46133
      size: 920106
    - path: plots/prc_3.json
      md5: b67d801aec9ae5ba82479d451690bc3e
      size: 7878237
    - path: plots/prc_4.json
      md5: 8d4b1aae70ebf4a75b3b7cefd8e8499a
      size: 7915049
    - path: plots/prc_5.json
      md5: f659b8b670f621267cd23e5ed68886d0
      size: 7841013
    - path: plots/prc_6.json
      md5: 8266b0b657d090206ce24e43c7f1381c
      size: 6921899
    - path: plots/prc_7.json
      md5: bd4594e5d757ccc79b06f2b9f90b76d9
      size: 7821883
    - path: plots/prc_8.json
      md5: 32b63d344f07be6b7d8715c029cfcf32
      size: 7524434
    - path: plots/roc_0.json
      md5: 8639f6ac324a5a698263e250133229cf
      size: 1312840
    - path: plots/roc_1.json
      md5: 17ea136a8b0a31177977f0609a17590c
      size: 624846
    - path: plots/roc_2.json
      md5: 5a6b81adaac5cadd10311bb4fff83afc
      size: 19646
    - path: plots/roc_3.json
      md5: 105ae76354ed6fc494b1e03e19c51ae4
      size: 164896
    - path: plots/roc_4.json
      md5: d0aae5186bc34244fa0722a22f7c761f
      size: 89166
    - path: plots/roc_5.json
      md5: 0e6a0276fa0cd26f936b3f8b7527dbbc
      size: 139853
    - path: plots/roc_6.json
      md5: 1b92e8b590021f71c46fba608e16ca91
      size: 279665
    - path: plots/roc_7.json
      md5: c5d3e42e95bb230639c3023759a0e3b5
      size: 134805
    - path: plots/roc_8.json
      md5: 958f421fb475669a4c157d49fd240d16
      size: 1644891
    - path: scores/scores.json
      md5: 0661e5041e7e672db4785754d5d0637f
      size: 227
