schema: '2.0'
stages:
  main:
    cmd: python main.py
    outs:
    - path: plots/prc_0.json
      md5: 2087304a1a4a0aca8b344e8c8e78513b
      size: 154593
    - path: plots/prc_1.json
      md5: c4fc74be22c16623817638d89fe4e16b
      size: 156545
    - path: plots/prc_2.json
      md5: 010b8617582c163c86ea432ca68e5eec
      size: 163133
    - path: plots/prc_3.json
      md5: 7d48f45df066ba659b3a1bb0472eef83
      size: 156154
    - path: plots/prc_4.json
      md5: 4c1cf77d1a037fdb9cfa5b4085fa3305
      size: 156852
    - path: plots/prc_5.json
      md5: e2bc47ba72e7524dffadccba70942b06
      size: 157492
    - path: plots/prc_6.json
      md5: 67cccbe19cedc875b9737bd07960b310
      size: 157028
    - path: plots/prc_7.json
      md5: ce14745d42c872869d8f03d84250ebb1
      size: 158021
    - path: plots/prc_8.json
      md5: 8eb80b618ff10d61f2f55b6f81b17e24
      size: 153305
    - path: plots/roc_0.json
      md5: ae522ff73a455357bd687ceb806e6114
      size: 1260872
    - path: plots/roc_1.json
      md5: e4c3b0a8f512d741185001d5d995d248
      size: 597929
    - path: plots/roc_2.json
      md5: b23bff6107028ef2b131ed079fee76ed
      size: 37906
    - path: plots/roc_3.json
      md5: bfea3cf8f1cbddc5c113f2827d7dc887
      size: 176613
    - path: plots/roc_4.json
      md5: 843fa2d033f428a8070a7ca557ff01e2
      size: 61576
    - path: plots/roc_5.json
      md5: ca708fe1de26895dd163b98d3c930ed6
      size: 131804
    - path: plots/roc_6.json
      md5: db8435db39e8edaf0ce940824f5c5f65
      size: 271700
    - path: plots/roc_7.json
      md5: bd595e35c6d3c3da4051c15a63a45be3
      size: 130512
    - path: plots/roc_8.json
      md5: b91c7acff78e030bb1d4bbd4655b4d76
      size: 1502746
    - path: scores/scores.json
      md5: ce6884674ce35535925b2e226f6e164a
      size: 226
