schema: '2.0'
stages:
  main:
    cmd: python main.py
    outs:
    - path: plots/prc_0.json
      md5: 53a7531c26253f216841c2164da6ed5b
      size: 154858
    - path: plots/prc_1.json
      md5: 2a9f51becdf4a064fe55aeddab8c6b75
      size: 156325
    - path: plots/prc_2.json
      md5: fb971da210da4737e180e8a6888548d8
      size: 159316
    - path: plots/prc_3.json
      md5: 5ff7cd816055622096a5dcbcefa5e71c
      size: 159042
    - path: plots/prc_4.json
      md5: 9cdd2c943621e9492df1bae04d39297d
      size: 156631
    - path: plots/prc_5.json
      md5: a1df6425365f446c5e77eb9fb5798d38
      size: 160103
    - path: plots/prc_6.json
      md5: 3739c027c3e454f6dec2344231dd662e
      size: 155534
    - path: plots/prc_7.json
      md5: a1c87a28e9f9bcbbbece856a00090282
      size: 158205
    - path: plots/prc_8.json
      md5: 7f508abe185833e3634bff5bfbc5093d
      size: 153440
    - path: plots/roc_0.json
      md5: d817a5e0b4c7feb490fc31981ed551a7
      size: 1317960
    - path: plots/roc_1.json
      md5: d0bbb5b9887b7622d227ddd310b21284
      size: 545691
    - path: plots/roc_2.json
      md5: 4fd441ccd72303aad4d6963eefa7bbab
      size: 32345
    - path: plots/roc_3.json
      md5: 66070cea23dd89cc8d51ef0c46622eda
      size: 169863
    - path: plots/roc_4.json
      md5: dfe8cd7e99a2701e1df4ac2d30bdb6dd
      size: 50387
    - path: plots/roc_5.json
      md5: cb7766b3a078ee5edd5ef947d75275b5
      size: 108469
    - path: plots/roc_6.json
      md5: 9fea3a2a638570fd4ebdb2eba23c7fce
      size: 244750
    - path: plots/roc_7.json
      md5: d15bb0aeae299d9a688953418110aa23
      size: 113020
    - path: plots/roc_8.json
      md5: 4698c83db0b7127e2db98d52d5c9cdcd
      size: 1428426
    - path: scores/scores.json
      md5: 8fe091c91797e8950345d9f419ea5903
      size: 225
