schema: '2.0'
stages:
  fit_keras:
    cmd: python ../../models/keras/fit.py
    deps:
    - path: ../../data/handcrafted
      md5: fb5579107e14853ffab8496186d2e767.dir
      size: 88309702
      nfiles: 2
    - path: ../../data/morph
      md5: 1dba6f839fb6837dd4ec82f2a26714f3.dir
      size: 99765562
      nfiles: 2
    - path: ../../data/prepared
      md5: bfd565a4a237135801f6f864cf564f5c.dir
      size: 54592600
      nfiles: 3
    outs:
    - path: ../../model_checkopoints/keras
      md5: 80336a88ec7938d55556f9fcdf1907a4.dir
      size: 2331242050
      nfiles: 10
    - path: ../../oof_predictions/keras
      md5: 0efa7bca19b0a3114f6b37f7387f75c4.dir
      size: 18187841
      nfiles: 2
    - path: ../../plots/keras/prc_0.json
      md5: 0c242feefe0e2d87edb168e3f842d465
      size: 11026059
    - path: ../../plots/keras/prc_1.json
      md5: 0dfee7023c125346f5ffec449ab6dcf6
      size: 10493260
    - path: ../../plots/keras/prc_2.json
      md5: c11b8c3ed21cd41bd2906ec1c3dc9737
      size: 9799518
    - path: ../../plots/keras/prc_3.json
      md5: c1336f59b76376ac279d4a81d3194635
      size: 11805234
    - path: ../../plots/keras/prc_4.json
      md5: 527a1aa8b84307aad04fd96d37857476
      size: 9555902
    - path: ../../plots/keras/prc_5.json
      md5: 1fad28bc0812666f528def8b17d4e5f3
      size: 11414302
    - path: ../../plots/keras/prc_6.json
      md5: eb65e43d1f0b34cbb11adcdb3a0417de
      size: 10464572
    - path: ../../plots/keras/prc_7.json
      md5: f32d5ee878404aaa7ddc55d21c046d8b
      size: 11445658
    - path: ../../plots/keras/prc_8.json
      md5: ad99d0e4fb4a6f08e191dfce9aaa80af
      size: 11145289
    - path: ../../plots/keras/roc_0.json
      md5: a162100bd165e0013576ee5e4e629e29
      size: 2471016
    - path: ../../plots/keras/roc_1.json
      md5: ae51c9c2021c81310b42a2a85861d8e6
      size: 956816
    - path: ../../plots/keras/roc_2.json
      md5: 9b115071ad19b42412c5065a0ea7a268
      size: 107027
    - path: ../../plots/keras/roc_3.json
      md5: ed55447b6dcc7e5bc9051e3014e389c7
      size: 314357
    - path: ../../plots/keras/roc_4.json
      md5: db9bdeb2db02cf3169f43cb4a1f20d82
      size: 134877
    - path: ../../plots/keras/roc_5.json
      md5: 5c9109b93a0e0af81c83a9895906ebc1
      size: 238763
    - path: ../../plots/keras/roc_6.json
      md5: 0e0a95feb421ca892e972eb71cf820b2
      size: 444599
    - path: ../../plots/keras/roc_7.json
      md5: 767de39749a0d2e6271a7ec004994e06
      size: 223571
    - path: ../../plots/keras/roc_8.json
      md5: 1d52b3ec03766dc77fd8533a2b31dcbd
      size: 2763595
    - path: ../../scores/scores_keras.json
      md5: 7d6a8650819d619e5c74eb0f1cd4b111
      size: 202
  predict_keras:
    cmd: python ../../models/keras/predict.py
    deps:
    - path: ../../data/handcrafted
      md5: fb5579107e14853ffab8496186d2e767.dir
      size: 88309702
      nfiles: 2
    - path: ../../data/morph
      md5: 1dba6f839fb6837dd4ec82f2a26714f3.dir
      size: 99765562
      nfiles: 2
    - path: ../../data/prepared
      md5: bfd565a4a237135801f6f864cf564f5c.dir
      size: 54592600
      nfiles: 3
    - path: ../../model_checkopoints/keras
      md5: 80336a88ec7938d55556f9fcdf1907a4.dir
      size: 2331242050
      nfiles: 10
    outs:
    - path: ../../test_predictions/keras
      md5: 798b42ad943d542990028087d465b0b2.dir
      size: 11163566
      nfiles: 2
