schema: '2.0'
stages:
  feature_generation_catboost_labse_en_ru:
    cmd: python ../../features/LaBSE-en-ru.py
    deps:
    - path: ../../data/prepared
      md5: 4dd01e156f212618f130ba92bd63d80c.dir
      size: 43444930
      nfiles: 3
  fit_catboost_labse_en_ru:
    cmd: python ../../models/catboost_labse_en_ru/fit.py
    deps:
    - path: ../../data/LaBSE-en-ru
      md5: fac57a27fa28fb704ed09af96c84775a.dir
      size: 625507392
      nfiles: 4
    - path: ../../data/prepared
      md5: c5303dc7909107198e855ec920d7be46.dir
      size: 43519344
      nfiles: 3
    outs:
    - path: ../../model_checkopoints/catboost_labse_en_ru
      md5: 9add5859578241599ea704bf8f843eb9.dir
      size: 72639392
      nfiles: 27
    - path: ../../oof_predictions/catboost_labse_en_ru
      md5: d9a820752cfd5baba59f4982ed49608f.dir
      size: 11012023
      nfiles: 2
    - path: ../../plots/catboost_labse_en_ru/prc_0.json
      md5: 406a79cc1417d775984d10ac117d43b5
      size: 7228928
    - path: ../../plots/catboost_labse_en_ru/prc_1.json
      md5: 721f00fcbed9ccfa258da54373281010
      size: 7031368
    - path: ../../plots/catboost_labse_en_ru/prc_2.json
      md5: f66be6e5713ab370f4e92335e04ad2c8
      size: 14875
    - path: ../../plots/catboost_labse_en_ru/prc_3.json
      md5: 5cbbe75d2d290361887b1da35bdb8243
      size: 7512010
    - path: ../../plots/catboost_labse_en_ru/prc_4.json
      md5: 321c365a5bc84b2ca4c66adad9482a0a
      size: 21003
    - path: ../../plots/catboost_labse_en_ru/prc_5.json
      md5: ff73d819f2efdef6464422d0b6909862
      size: 6362723
    - path: ../../plots/catboost_labse_en_ru/prc_6.json
      md5: 9d2af08a490463e311293b655b5b3f4a
      size: 6365352
    - path: ../../plots/catboost_labse_en_ru/prc_7.json
      md5: df3e4f6727b3b12fc9dd2a2071094cd6
      size: 7638491
    - path: ../../plots/catboost_labse_en_ru/prc_8.json
      md5: cfd3841f84497df6855d28cf0dd1376e
      size: 7565310
    - path: ../../plots/catboost_labse_en_ru/roc_0.json
      md5: 5c8737e91df2a0d9ef87f28b151ed32c
      size: 1223971
    - path: ../../plots/catboost_labse_en_ru/roc_1.json
      md5: 876c7b5cffa14b3975665c015f2fd49a
      size: 590622
    - path: ../../plots/catboost_labse_en_ru/roc_2.json
      md5: 3e4c82bead7f0f02140ee8e6a5b80a26
      size: 15999
    - path: ../../plots/catboost_labse_en_ru/roc_3.json
      md5: 9fe5d1347ac8885c7bc4532d0ae9a6f3
      size: 157509
    - path: ../../plots/catboost_labse_en_ru/roc_4.json
      md5: 4d77b9ed70a77c8c006b313cd1c7c391
      size: 19797
    - path: ../../plots/catboost_labse_en_ru/roc_5.json
      md5: 9085b2234e401898c7cbc8518dae6395
      size: 108199
    - path: ../../plots/catboost_labse_en_ru/roc_6.json
      md5: 664053f68e1896a06e4b5cc268f0bc56
      size: 268107
    - path: ../../plots/catboost_labse_en_ru/roc_7.json
      md5: dd1cb7475f4c5133c64986dd52a8f11b
      size: 106432
    - path: ../../plots/catboost_labse_en_ru/roc_8.json
      md5: b0c6cab8efe61ef23901d63ee9e8ccfd
      size: 1615138
    - path: ../../scores/scores_catboost_labse_en_ru.json
      md5: a25b93ed5cb5218cf8d458baf6baf647
      size: 200
  predict_catboost_labse_en_ru:
    cmd: python ../../models/catboost_labse_en_ru/predict.py
    deps:
    - path: ../../data/LaBSE-en-ru
      md5: fac57a27fa28fb704ed09af96c84775a.dir
      size: 625507392
      nfiles: 4
    - path: ../../data/prepared
      md5: c5303dc7909107198e855ec920d7be46.dir
      size: 43519344
      nfiles: 3
    - path: ../../model_checkopoints/catboost_labse_en_ru
      md5: 9add5859578241599ea704bf8f843eb9.dir
      size: 72639392
      nfiles: 27
    outs:
    - path: ../../test_predictions/catboost_labse_en_ru
      md5: beb994a81e305914fe69a16dae0996a5.dir
      size: 10933749
      nfiles: 2
