schema: '2.0'
stages:
  feature_generation_catboost_labse_en_ru:
    cmd: python ../../features/LaBSE-en-ru.py
    deps:
    - path: ../../data/prepared
      md5: 4dd01e156f212618f130ba92bd63d80c.dir
      size: 43444930
      nfiles: 3
  fit_catboost_labse_en_ru:
    cmd: python ../../models/catboost_labse_en_ru/fit.py
    deps:
    - path: ../../data/LaBSE-en-ru
      md5: c1fcb0b064d4f8258b19d54888d75f80.dir
      size: 781632508
      nfiles: 4
    - path: ../../data/prepared
      md5: bfd565a4a237135801f6f864cf564f5c.dir
      size: 54592600
      nfiles: 3
    outs:
    - path: ../../model_checkopoints/catboost_labse_en_ru
      md5: 28f76747c2fc0820152b7b2b3228ffc2.dir
      size: 79637384
      nfiles: 36
    - path: ../../oof_predictions/catboost_labse_en_ru
      md5: 61a03c5f9d9c1a2ccc4ad23b4c6965e7.dir
      size: 16460101
      nfiles: 2
    - path: ../../plots/catboost_labse_en_ru/prc_0.json
      md5: ef239525d5a8108396ba3a53e1438d7d
      size: 11268455
    - path: ../../plots/catboost_labse_en_ru/prc_1.json
      md5: 68fc98d0390642e6d0882f705dec1d74
      size: 11540046
    - path: ../../plots/catboost_labse_en_ru/prc_2.json
      md5: 51be63158ed033f219cbc761b031a123
      size: 3846
    - path: ../../plots/catboost_labse_en_ru/prc_3.json
      md5: 116eb8c5736a256ac0cb48a6683be864
      size: 11224540
    - path: ../../plots/catboost_labse_en_ru/prc_4.json
      md5: 934b811f5f74f0e14801e5d9f7d0cae1
      size: 3595
    - path: ../../plots/catboost_labse_en_ru/prc_5.json
      md5: 13cf3a02d065c6e8e35f23318b422c2b
      size: 11297096
    - path: ../../plots/catboost_labse_en_ru/prc_6.json
      md5: fe7d4b2dd4aa18cbbb39312e8636e949
      size: 10003696
    - path: ../../plots/catboost_labse_en_ru/prc_7.json
      md5: 479b3472a71017963ea8682cabb451cb
      size: 11670272
    - path: ../../plots/catboost_labse_en_ru/prc_8.json
      md5: 8915faf26b75158c5d8f569c6b8f6c58
      size: 10542579
    - path: ../../plots/catboost_labse_en_ru/roc_0.json
      md5: 86d68cd53985e7c2dcd82267d072d0cd
      size: 2106112
    - path: ../../plots/catboost_labse_en_ru/roc_1.json
      md5: e8aa5e310be126f050fb70537ac084f7
      size: 844833
    - path: ../../plots/catboost_labse_en_ru/roc_2.json
      md5: 00825d1d424abf72cc67c35922db21c6
      size: 4002
    - path: ../../plots/catboost_labse_en_ru/roc_3.json
      md5: 9fd025697c8c7d18e541ae4b1c9073c8
      size: 222551
    - path: ../../plots/catboost_labse_en_ru/roc_4.json
      md5: 4f2e0be46d8c3060b1df7e2b61062cd0
      size: 3673
    - path: ../../plots/catboost_labse_en_ru/roc_5.json
      md5: 90e1c3dfe3a42ec68e9254f77a7c9442
      size: 144225
    - path: ../../plots/catboost_labse_en_ru/roc_6.json
      md5: 49e1fd06330064c68b1ded4215f4eaee
      size: 387628
    - path: ../../plots/catboost_labse_en_ru/roc_7.json
      md5: 2dd269e63797c8e2370f8e955e617878
      size: 143730
    - path: ../../plots/catboost_labse_en_ru/roc_8.json
      md5: 5d0b15bd7a51a652c08c6ad672adf1d9
      size: 2622893
    - path: ../../scores/scores_catboost_labse_en_ru.json
      md5: f444acd0e1f93a5fd06620baca9c9dfd
      size: 201
  predict_catboost_labse_en_ru:
    cmd: python ../../models/catboost_labse_en_ru/predict.py
    deps:
    - path: ../../data/LaBSE-en-ru
      md5: c1fcb0b064d4f8258b19d54888d75f80.dir
      size: 781632508
      nfiles: 4
    - path: ../../data/prepared
      md5: bfd565a4a237135801f6f864cf564f5c.dir
      size: 54592600
      nfiles: 3
    - path: ../../model_checkopoints/catboost_labse_en_ru
      md5: 28f76747c2fc0820152b7b2b3228ffc2.dir
      size: 79637384
      nfiles: 36
    outs:
    - path: ../../test_predictions/catboost_labse_en_ru
      md5: a2b86fcc0b194e88d9f7629fe48e7135.dir
      size: 11355788
      nfiles: 2
