schema: '2.0'
stages:
  fit_catboost:
    cmd: python ../../models/catboost/fit.py
    deps:
    - path: ../../data/handcrafted
      md5: b3fe3630b8d9bdf28a5f6167a510e390.dir
      size: 41433962
      nfiles: 2
    - path: ../../data/morph
      md5: 2e2a047cd5ed4ace408c8a7fe2abd6c3.dir
      size: 80678104
      nfiles: 2
    - path: ../../data/prepared
      md5: 4dd01e156f212618f130ba92bd63d80c.dir
      size: 43444930
      nfiles: 3
    outs:
    - path: ../../model_checkopoints/catboost
      md5: be86cc017e4831ab5b5930f7fdbad7ac.dir
      size: 2813569382
      nfiles: 63
    - path: ../../oof_predictions/catboost
      md5: 22cc7f9aa09bf1c25fdf19b5a064640c.dir
      size: 10881323
      nfiles: 2
    - path: ../../plots/catboost/prc_0.json
      md5: df0aab91fc4b685f9346ab9745b9e024
      size: 7460360
    - path: ../../plots/catboost/prc_1.json
      md5: b21e12bb27691493ff39fd0dcc70d733
      size: 6750640
    - path: ../../plots/catboost/prc_2.json
      md5: c3c9ddbf4a28fd3c0ac9559402a477de
      size: 4048
    - path: ../../plots/catboost/prc_3.json
      md5: c84e3807a9e02458f7d1afc5c37be02b
      size: 6685072
    - path: ../../plots/catboost/prc_4.json
      md5: b623fcfe9c7c09d5f92bff5e3e8917af
      size: 5541
    - path: ../../plots/catboost/prc_5.json
      md5: 806e9e9172a69d546573d9641d35db7c
      size: 5197958
    - path: ../../plots/catboost/prc_6.json
      md5: e103c134d2ed3929053c046a339d0f57
      size: 3898431
    - path: ../../plots/catboost/prc_7.json
      md5: a627c79e8860f08de504a8ef252ec1e8
      size: 7303876
    - path: ../../plots/catboost/prc_8.json
      md5: effe55a94f4afefa5004cd1cd6ca60eb
      size: 7467028
    - path: ../../plots/catboost/roc_0.json
      md5: 5543b949f6f0daffeac6544db0cdbc05
      size: 1148862
    - path: ../../plots/catboost/roc_1.json
      md5: 48a9398ff1f8677293c746ca8385b399
      size: 569373
    - path: ../../plots/catboost/roc_2.json
      md5: 0adaefddde0116c104c8ec629801a572
      size: 4327
    - path: ../../plots/catboost/roc_3.json
      md5: 9a971d0ad72545ef8e82fd7b485b083a
      size: 130473
    - path: ../../plots/catboost/roc_4.json
      md5: 9e5c4bf302c33fb8fe30540a3aae78c1
      size: 5827
    - path: ../../plots/catboost/roc_5.json
      md5: e402c431fd9da17e6ca55f5475eeaf78
      size: 94091
    - path: ../../plots/catboost/roc_6.json
      md5: fc1cee1a191733b76f60e08c695e4a89
      size: 207400
    - path: ../../plots/catboost/roc_7.json
      md5: c9f1a138a7e8400ffcde65c9b5e15f87
      size: 89736
    - path: ../../plots/catboost/roc_8.json
      md5: 1b7d61dd23701db80162685636a8f64f
      size: 1575315
    - path: ../../scores/scores_catboost.json
      md5: 93e19c73361c42e7b484c4379e4315f3
      size: 204
  predict_catboost:
    cmd: python ../../models/catboost/predict.py
    deps:
    - path: ../../data/handcrafted
      md5: b3fe3630b8d9bdf28a5f6167a510e390.dir
      size: 41433962
      nfiles: 2
    - path: ../../data/morph
      md5: 2e2a047cd5ed4ace408c8a7fe2abd6c3.dir
      size: 80678104
      nfiles: 2
    - path: ../../data/prepared
      md5: 4dd01e156f212618f130ba92bd63d80c.dir
      size: 43444930
      nfiles: 3
    - path: ../../model_checkopoints/catboost
      md5: be86cc017e4831ab5b5930f7fdbad7ac.dir
      size: 2813569382
      nfiles: 63
    outs:
    - path: ../../test_predictions/catboost
      md5: 0f563b3db1a9271b52341338432369bb.dir
      size: 10705041
      nfiles: 2
