schema: '2.0'
stages:
  fit_catboost:
    cmd: python ../../models/catboost/fit.py
    deps:
    - path: ../../data/handcrafted
      md5: fb5579107e14853ffab8496186d2e767.dir
      size: 88309702
      nfiles: 2
    - path: ../../data/morph
      md5: 1dba6f839fb6837dd4ec82f2a26714f3.dir
      size: 99765562
      nfiles: 2
    - path: ../../data/prepared
      md5: bfd565a4a237135801f6f864cf564f5c.dir
      size: 54592600
      nfiles: 3
    outs:
    - path: ../../model_checkopoints/catboost
      md5: aa60afa61e4b59cb0493ce8397136c5e.dir
      size: 3812081209
      nfiles: 72
    - path: ../../oof_predictions/catboost
      md5: c313c59b093d26a70fa12397412946da.dir
      size: 16356874
      nfiles: 2
    - path: ../../plots/catboost/prc_0.json
      md5: abc2fadb6b60671cd078276e9a3d1ffb
      size: 11005869
    - path: ../../plots/catboost/prc_1.json
      md5: bd564e9736b969bf65375db290088f88
      size: 11035251
    - path: ../../plots/catboost/prc_2.json
      md5: 0fb380d3c6edac38c65d7ff2d89273ff
      size: 5114
    - path: ../../plots/catboost/prc_3.json
      md5: ba6661cd66019ba579d6a89b78da0d43
      size: 11433913
    - path: ../../plots/catboost/prc_4.json
      md5: 4e247694d844f6fe413c95135e9e175c
      size: 9138
    - path: ../../plots/catboost/prc_5.json
      md5: 9c343a544d15a10e1a67ba0583fba66e
      size: 9276278
    - path: ../../plots/catboost/prc_6.json
      md5: 1263fe205356f6313a49b5afa0072556
      size: 5756067
    - path: ../../plots/catboost/prc_7.json
      md5: 40ba3ae94ad5ce11a4e6b072a696bba9
      size: 11409768
    - path: ../../plots/catboost/prc_8.json
      md5: d8ead6ff0b30e5cfb126092b190eeec3
      size: 10878713
    - path: ../../plots/catboost/roc_0.json
      md5: c0c9c07b83751a552479ac99e36e652a
      size: 2014172
    - path: ../../plots/catboost/roc_1.json
      md5: 7db9e39f2a4059825ba111cfda90b26e
      size: 833212
    - path: ../../plots/catboost/roc_2.json
      md5: 940ceea172da9b1a548d7bea4fc16aa5
      size: 5442
    - path: ../../plots/catboost/roc_3.json
      md5: 1ded94b8d359c83aed397714cecdd7d6
      size: 226349
    - path: ../../plots/catboost/roc_4.json
      md5: 568969ad4f5bd175a4bec3a5833834b0
      size: 8853
    - path: ../../plots/catboost/roc_5.json
      md5: 8fe217188ca5d33ffaa040105ea8dd93
      size: 138290
    - path: ../../plots/catboost/roc_6.json
      md5: acd818a9fb3d5bbf57fc5570e733dd2c
      size: 272906
    - path: ../../plots/catboost/roc_7.json
      md5: 02d7b7e9b7deb801b426b6d6a59589ba
      size: 132389
    - path: ../../plots/catboost/roc_8.json
      md5: 0353d975c604763fdfa9748b5657431a
      size: 2568463
    - path: ../../scores/scores_catboost.json
      md5: 34be0390448a149c3e1a975f6fb2e9c9
      size: 202
  predict_catboost:
    cmd: python ../../models/catboost/predict.py
    deps:
    - path: ../../data/handcrafted
      md5: fb5579107e14853ffab8496186d2e767.dir
      size: 88309702
      nfiles: 2
    - path: ../../data/morph
      md5: 1dba6f839fb6837dd4ec82f2a26714f3.dir
      size: 99765562
      nfiles: 2
    - path: ../../data/prepared
      md5: bfd565a4a237135801f6f864cf564f5c.dir
      size: 54592600
      nfiles: 3
    - path: ../../model_checkopoints/catboost
      md5: aa60afa61e4b59cb0493ce8397136c5e.dir
      size: 3812081209
      nfiles: 72
    outs:
    - path: ../../test_predictions/catboost
      md5: 5267ea1662e7c726771c5527646f2871.dir
      size: 11166598
      nfiles: 2
