schema: '2.0'
stages:
  feature_generation_catboost_rubert_tiny:
    cmd: echo pass
    deps:
    - path: ../../data/prepared
      md5: 4dd01e156f212618f130ba92bd63d80c.dir
      size: 43444930
      nfiles: 3
    outs:
    - path: ../../data/rubert-tiny
      md5: 99bc920cd31e96339c67dd4365ee9d72.dir
      size: 255078528
      nfiles: 4
  fit_catboost_rubert_tiny:
    cmd: python ../../models/catboost_rubert_tiny/fit.py
    deps:
    - path: ../../data/prepared
      md5: bfd565a4a237135801f6f864cf564f5c.dir
      size: 54592600
      nfiles: 3
    - path: ../../data/rubert-tiny
      md5: 5682d51ff315eae77ee8b938da08dd61.dir
      size: 318745084
      nfiles: 4
    outs:
    - path: ../../model_checkopoints/catboost_rubert_tiny
      md5: 4cd7530c051902d815c201866a99ff41.dir
      size: 60303984
      nfiles: 45
    - path: ../../oof_predictions/catboost_rubert_tiny
      md5: 32e342095d78099c240011137968b0f8.dir
      size: 16454272
      nfiles: 2
    - path: ../../plots/catboost_rubert_tiny/prc_0.json
      md5: e1dbb6b9c39b6dcd22a7ddba195b771b
      size: 11020275
    - path: ../../plots/catboost_rubert_tiny/prc_1.json
      md5: 3e7104795790e08b283f2d8867e9cc57
      size: 10450022
    - path: ../../plots/catboost_rubert_tiny/prc_2.json
      md5: af2866f010b9991563a17a43f884e0ff
      size: 6398
    - path: ../../plots/catboost_rubert_tiny/prc_3.json
      md5: 66c0d0b72a5851f51d96ed4418d718db
      size: 11523199
    - path: ../../plots/catboost_rubert_tiny/prc_4.json
      md5: 95001aa4cfde2d7185d79d4f14558fbd
      size: 2801811
    - path: ../../plots/catboost_rubert_tiny/prc_5.json
      md5: d51b07fb3cbe9a3121beac4f128baca1
      size: 11312458
    - path: ../../plots/catboost_rubert_tiny/prc_6.json
      md5: a06633568a0d4d2bc3c45ca08ba49ebc
      size: 11502700
    - path: ../../plots/catboost_rubert_tiny/prc_7.json
      md5: 0c4a0a31a1ecfb334203c55bd2071ea9
      size: 11607043
    - path: ../../plots/catboost_rubert_tiny/prc_8.json
      md5: eb8d87d9a3875860991a24a951c0c2ab
      size: 10985656
    - path: ../../plots/catboost_rubert_tiny/roc_0.json
      md5: 5f1fc34839c8f1319f99b69a3c35bb4c
      size: 2309070
    - path: ../../plots/catboost_rubert_tiny/roc_1.json
      md5: a613f7bf9e9e335b16e0fad68dddfb70
      size: 1026771
    - path: ../../plots/catboost_rubert_tiny/roc_2.json
      md5: 05828ce5e5a07c8ee89ee40ac7f5bfe0
      size: 6093
    - path: ../../plots/catboost_rubert_tiny/roc_3.json
      md5: 34131a3227a8d9a221ce3d96f34a1fab
      size: 252034
    - path: ../../plots/catboost_rubert_tiny/roc_4.json
      md5: 128e4d42e6166c94435721cdf6a60787
      size: 35053
    - path: ../../plots/catboost_rubert_tiny/roc_5.json
      md5: 0b891cf3c3bd2c5a195ff76db96c2b68
      size: 173797
    - path: ../../plots/catboost_rubert_tiny/roc_6.json
      md5: 73b7538974792aa52fc22e6e9c7536f3
      size: 451067
    - path: ../../plots/catboost_rubert_tiny/roc_7.json
      md5: 59c3c6dd6cd07162fef182ef509e8dd0
      size: 201115
    - path: ../../plots/catboost_rubert_tiny/roc_8.json
      md5: 9af8aa12c927728de61b75676d0c8e9b
      size: 2757726
    - path: ../../scores/scores_catboost_rubert_tiny.json
      md5: 8db5acd60a866250d0fc86d2d9894324
      size: 202
  predict_catboost_rubert_tiny:
    cmd: python ../../models/catboost_rubert_tiny/predict.py
    deps:
    - path: ../../data/prepared
      md5: bfd565a4a237135801f6f864cf564f5c.dir
      size: 54592600
      nfiles: 3
    - path: ../../data/rubert-tiny
      md5: 5682d51ff315eae77ee8b938da08dd61.dir
      size: 318745084
      nfiles: 4
    - path: ../../model_checkopoints/catboost_rubert_tiny
      md5: 4cd7530c051902d815c201866a99ff41.dir
      size: 60303984
      nfiles: 45
    outs:
    - path: ../../test_predictions/catboost_rubert_tiny
      md5: b823d8b3831b6a105d00114e5fa4db66.dir
      size: 11321648
      nfiles: 2
