schema: '2.0'
stages:
  feature_generation_catboost_rubert_tiny:
    cmd: echo pass
    deps:
    - path: ../../data/prepared
      md5: 4dd01e156f212618f130ba92bd63d80c.dir
      size: 43444930
      nfiles: 3
    outs:
    - path: ../../data/rubert-tiny
      md5: 99bc920cd31e96339c67dd4365ee9d72.dir
      size: 255078528
      nfiles: 4
  fit_catboost_rubert_tiny:
    cmd: python ../../models/catboost_rubert_tiny/fit.py
    deps:
    - path: ../../data/prepared
      md5: c5303dc7909107198e855ec920d7be46.dir
      size: 43519344
      nfiles: 3
    - path: ../../data/rubert-tiny
      md5: 99bc920cd31e96339c67dd4365ee9d72.dir
      size: 255078528
      nfiles: 4
    outs:
    - path: ../../model_checkopoints/catboost_rubert_tiny
      md5: b85cd73f55dea79c8f710ceb764d4e78.dir
      size: 19027632
      nfiles: 36
    - path: ../../oof_predictions/catboost_rubert_tiny
      md5: 3576096b3ef7f6874406dde5b9c8b3c7.dir
      size: 10905525
      nfiles: 2
    - path: ../../plots/catboost_rubert_tiny/prc_0.json
      md5: 8b213ef1dfd3619b82ee8fd978f2ddde
      size: 7460526
    - path: ../../plots/catboost_rubert_tiny/prc_1.json
      md5: a1d6455f843710470d4a9ddc565b01e9
      size: 6739995
    - path: ../../plots/catboost_rubert_tiny/prc_2.json
      md5: 6af3fb09d8550385e729444019fd33f4
      size: 7323
    - path: ../../plots/catboost_rubert_tiny/prc_3.json
      md5: 1dcec1b2bf67b8274956d49129d6b64e
      size: 7721620
    - path: ../../plots/catboost_rubert_tiny/prc_4.json
      md5: 3b24f23274ac21bd5071ad8be14eb857
      size: 7402
    - path: ../../plots/catboost_rubert_tiny/prc_5.json
      md5: 777f041b71116cedeb3b354316a9fe76
      size: 6248271
    - path: ../../plots/catboost_rubert_tiny/prc_6.json
      md5: 2ad019caf37ee892235a789ffabd4678
      size: 7224764
    - path: ../../plots/catboost_rubert_tiny/prc_7.json
      md5: f5edf71895a628bc3eb1b397efffdfda
      size: 7380860
    - path: ../../plots/catboost_rubert_tiny/prc_8.json
      md5: d820637dfbd846489dedc7725bc31b56
      size: 7645112
    - path: ../../plots/catboost_rubert_tiny/roc_0.json
      md5: b57ef5db9d294bd8ae623f0ab6ecd9e6
      size: 1393393
    - path: ../../plots/catboost_rubert_tiny/roc_1.json
      md5: 420e15faa6b89a3b69e8e1c4fe497bb3
      size: 696586
    - path: ../../plots/catboost_rubert_tiny/roc_2.json
      md5: f93b856ac1eca9056663bf991845a435
      size: 6993
    - path: ../../plots/catboost_rubert_tiny/roc_3.json
      md5: 379b5178cb822bc18d6f69678f9d1b2c
      size: 171866
    - path: ../../plots/catboost_rubert_tiny/roc_4.json
      md5: a5b56e7a49f16390acdaf6e1b14e8b73
      size: 6998
    - path: ../../plots/catboost_rubert_tiny/roc_5.json
      md5: ae89af850b3e032e9597daf45ab55517
      size: 114464
    - path: ../../plots/catboost_rubert_tiny/roc_6.json
      md5: b2e73130db55aab9c1a071ad190c2733
      size: 301542
    - path: ../../plots/catboost_rubert_tiny/roc_7.json
      md5: 3533a98d0d98ab820468aa0898e8282a
      size: 123111
    - path: ../../plots/catboost_rubert_tiny/roc_8.json
      md5: 7c4ba0de978b6b0b762e8e81e16714c8
      size: 1695505
    - path: ../../scores/scores_catboost_rubert_tiny.json
      md5: 0b45a056b2fc3cbf1ca1787c1cca23d3
      size: 201
  predict_catboost_rubert_tiny:
    cmd: python ../../models/catboost_rubert_tiny/predict.py
    deps:
    - path: ../../data/prepared
      md5: 3386c010014fdc2ea7b8cbba63d8b6a6.dir
      size: 43531897
      nfiles: 3
    - path: ../../data/rubert-tiny
      md5: 99bc920cd31e96339c67dd4365ee9d72.dir
      size: 255078528
      nfiles: 4
    - path: ../../model_checkopoints/catboost_rubert_tiny
      md5: b85cd73f55dea79c8f710ceb764d4e78.dir
      size: 19027632
      nfiles: 36
    outs:
    - path: ../../test_predictions/catboost_rubert_tiny
      md5: 6b00b78135dcee7c278e3306f171e197.dir
      size: 10842536
      nfiles: 2
